
Microsoft Visual Studio Solution File, Format Version 12.00
# Visual Studio Version 17
VisualStudioVersion = 17.14.35821.62 d17.14
MinimumVisualStudioVersion = 10.0.40219.1
Project("{FAE04EC0-301F-11D3-BF4B-00C04F79EFBC}") = "WonderLab.Override.I18n", "WonderLab.Override.I18n\WonderLab.Override.I18n.csproj", "{5699B537-5AFF-4B9B-A0CE-0122AE9CADF3}"
EndProject
Global
	GlobalSection(SolutionConfigurationPlatforms) = preSolution
		Debug|Any CPU = Debug|Any CPU
		Release|Any CPU = Release|Any CPU
	EndGlobalSection
	GlobalSection(ProjectConfigurationPlatforms) = postSolution
		{5699B537-5AFF-4B9B-A0CE-0122AE9CADF3}.Debug|Any CPU.ActiveCfg = Debug|Any CPU
		{5699B537-5AFF-4B9B-A0CE-0122AE9CADF3}.Debug|Any CPU.Build.0 = Debug|Any CPU
		{5699B537-5AFF-4B9B-A0CE-0122AE9CADF3}.Release|Any CPU.ActiveCfg = Release|Any CPU
		{5699B537-5AFF-4B9B-A0CE-0122AE9CADF3}.Release|Any CPU.Build.0 = Release|Any CPU
	EndGlobalSection
	GlobalSection(SolutionProperties) = preSolution
		HideSolutionNode = FALSE
	EndGlobalSection
	GlobalSection(ExtensibilityGlobals) = postSolution
		SolutionGuid = {870B3261-1C30-418E-89CF-00CFF99EE6B7}
	EndGlobalSection
EndGlobal
